// !$*UTF8*$!
{
	archiveVersion = 1;
	classes = {
	};
	objectVersion = 46;
	objects = {

/* Begin PBXBuildFile section */
		A70D19381886A29C0004EA7C /* main.cpp in Sources */ = {isa = PBXBuildFile; fileRef = A70D19371886A29C0004EA7C /* main.cpp */; };
		A70D193A1886A29C0004EA7C /* PointCloudsGL.1 in CopyFiles */ = {isa = PBXBuildFile; fileRef = A70D19391886A29C0004EA7C /* PointCloudsGL.1 */; };
		A70D1A281886A31B0004EA7C /* GLUT.framework in Frameworks */ = {isa = PBXBuildFile; fileRef = A70D1A271886A31B0004EA7C /* GLUT.framework */; };
		A70D1A2A1886A3280004EA7C /* OpenGL.framework in Frameworks */ = {isa = PBXBuildFile; fileRef = A70D1A291886A3280004EA7C /* OpenGL.framework */; };
		A70D1A2D1886D66F0004EA7C /* imageloader.cpp in Sources */ = {isa = PBXBuildFile; fileRef = A70D1A2B1886D66F0004EA7C /* imageloader.cpp */; };
		A751D37518A281A200A32FD7 /* clipper.cpp in Sources */ = {isa = PBXBuildFile; fileRef = A751D37318A281A200A32FD7 /* clipper.cpp */; };
		A79DB61C18897BE8001712E3 /* octree.cpp in Sources */ = {isa = PBXBuildFile; fileRef = A79DB61B18897BE8001712E3 /* octree.cpp */; };
		B76421F818CDCF1C0023DE28 /* vertexShader.vsh in CopyFiles */ = {isa = PBXBuildFile; fileRef = A70D1A2F1886D6870004EA7C /* vertexShader.vsh */; };
		B76421F918CDCF1C0023DE28 /* fragmentShader.fsh in CopyFiles */ = {isa = PBXBuildFile; fileRef = A70D1A2E1886D6870004EA7C /* fragmentShader.fsh */; };
		B76421FA18CDCF1C0023DE28 /* setColorVertShader.vsh in CopyFiles */ = {isa = PBXBuildFile; fileRef = A71412BA18A5330B00DB3ACA /* setColorVertShader.vsh */; };
		B76421FB18CDCF1C0023DE28 /* setColorFragShader.fsh in CopyFiles */ = {isa = PBXBuildFile; fileRef = A71412B818A532E200DB3ACA /* setColorFragShader.fsh */; };
		B76421FC18CDD0060023DE28 /* lineShader.vsh in CopyFiles */ = {isa = PBXBuildFile; fileRef = A79DB61F18898C60001712E3 /* lineShader.vsh */; };
		B76421FD18CDD0060023DE28 /* lineShader.fsh in CopyFiles */ = {isa = PBXBuildFile; fileRef = A79DB61D18898C46001712E3 /* lineShader.fsh */; };
		B77FF2741946F25500B92783 /* Shader.cpp in Sources */ = {isa = PBXBuildFile; fileRef = B77FF2721946F25500B92783 /* Shader.cpp */; };
		B77FF2781946FE2F00B92783 /* FileLoaders.cpp in Sources */ = {isa = PBXBuildFile; fileRef = B77FF2761946FE2F00B92783 /* FileLoaders.cpp */; };
		B77FF27B194705A500B92783 /* Geometry.cpp in Sources */ = {isa = PBXBuildFile; fileRef = B77FF279194705A500B92783 /* Geometry.cpp */; };
/* End PBXBuildFile section */

/* Begin PBXCopyFilesBuildPhase section */
		A70D19321886A29C0004EA7C /* CopyFiles */ = {
			isa = PBXCopyFilesBuildPhase;
			buildActionMask = 12;
			dstPath = "";
			dstSubfolderSpec = 6;
			files = (
				B76421FC18CDD0060023DE28 /* lineShader.vsh in CopyFiles */,
				B76421FD18CDD0060023DE28 /* lineShader.fsh in CopyFiles */,
				B76421F818CDCF1C0023DE28 /* vertexShader.vsh in CopyFiles */,
				B76421F918CDCF1C0023DE28 /* fragmentShader.fsh in CopyFiles */,
				B76421FA18CDCF1C0023DE28 /* setColorVertShader.vsh in CopyFiles */,
				B76421FB18CDCF1C0023DE28 /* setColorFragShader.fsh in CopyFiles */,
				A70D193A1886A29C0004EA7C /* PointCloudsGL.1 in CopyFiles */,
			);
			runOnlyForDeploymentPostprocessing = 0;
		};
/* End PBXCopyFilesBuildPhase section */

/* Begin PBXFileReference section */
		A70D19341886A29C0004EA7C /* PointCloudsGL */ = {isa = PBXFileReference; explicitFileType = "compiled.mach-o.executable"; includeInIndex = 0; path = PointCloudsGL; sourceTree = BUILT_PRODUCTS_DIR; };
		A70D19371886A29C0004EA7C /* main.cpp */ = {isa = PBXFileReference; lastKnownFileType = sourcecode.cpp.cpp; path = main.cpp; sourceTree = "<group>"; };
		A70D19391886A29C0004EA7C /* PointCloudsGL.1 */ = {isa = PBXFileReference; lastKnownFileType = text.man; path = PointCloudsGL.1; sourceTree = "<group>"; };
		A70D19411886A2CD0004EA7C /* CMakeLists.txt */ = {isa = PBXFileReference; fileEncoding = 4; lastKnownFileType = text; path = CMakeLists.txt; sourceTree = "<group>"; };
		A70D19431886A2CD0004EA7C /* _detail.hpp */ = {isa = PBXFileReference; fileEncoding = 4; lastKnownFileType = sourcecode.cpp.h; path = _detail.hpp; sourceTree = "<group>"; };
		A70D19441886A2CD0004EA7C /* _fixes.hpp */ = {isa = PBXFileReference; fileEncoding = 4; lastKnownFileType = sourcecode.cpp.h; path = _fixes.hpp; sourceTree = "<group>"; };
		A70D19451886A2CD0004EA7C /* _swizzle.hpp */ = {isa = PBXFileReference; fileEncoding = 4; lastKnownFileType = sourcecode.cpp.h; path = _swizzle.hpp; sourceTree = "<group>"; };
		A70D19461886A2CD0004EA7C /* _swizzle_func.hpp */ = {isa = PBXFileReference; fileEncoding = 4; lastKnownFileType = sourcecode.cpp.h; path = _swizzle_func.hpp; sourceTree = "<group>"; };
		A70D19471886A2CD0004EA7C /* _vectorize.hpp */ = {isa = PBXFileReference; fileEncoding = 4; lastKnownFileType = sourcecode.cpp.h; path = _vectorize.hpp; sourceTree = "<group>"; };
		A70D19481886A2CD0004EA7C /* dummy.cpp */ = {isa = PBXFileReference; fileEncoding = 4; lastKnownFileType = sourcecode.cpp.cpp; path = dummy.cpp; sourceTree = "<group>"; };
		A70D19491886A2CD0004EA7C /* func_common.hpp */ = {isa = PBXFileReference; fileEncoding = 4; lastKnownFileType = sourcecode.cpp.h; path = func_common.hpp; sourceTree = "<group>"; };
		A70D194A1886A2CD0004EA7C /* func_common.inl */ = {isa = PBXFileReference; fileEncoding = 4; lastKnownFileType = text; path = func_common.inl; sourceTree = "<group>"; };
		A70D194B1886A2CD0004EA7C /* func_exponential.hpp */ = {isa = PBXFileReference; fileEncoding = 4; lastKnownFileType = sourcecode.cpp.h; path = func_exponential.hpp; sourceTree = "<group>"; };
		A70D194C1886A2CD0004EA7C /* func_exponential.inl */ = {isa = PBXFileReference; fileEncoding = 4; lastKnownFileType = text; path = func_exponential.inl; sourceTree = "<group>"; };
		A70D194D1886A2CD0004EA7C /* func_geometric.hpp */ = {isa = PBXFileReference; fileEncoding = 4; lastKnownFileType = sourcecode.cpp.h; path = func_geometric.hpp; sourceTree = "<group>"; };
		A70D194E1886A2CD0004EA7C /* func_geometric.inl */ = {isa = PBXFileReference; fileEncoding = 4; lastKnownFileType = text; path = func_geometric.inl; sourceTree = "<group>"; };
		A70D194F1886A2CD0004EA7C /* func_integer.hpp */ = {isa = PBXFileReference; fileEncoding = 4; lastKnownFileType = sourcecode.cpp.h; path = func_integer.hpp; sourceTree = "<group>"; };
		A70D19501886A2CD0004EA7C /* func_integer.inl */ = {isa = PBXFileReference; fileEncoding = 4; lastKnownFileType = text; path = func_integer.inl; sourceTree = "<group>"; };
		A70D19511886A2CD0004EA7C /* func_matrix.hpp */ = {isa = PBXFileReference; fileEncoding = 4; lastKnownFileType = sourcecode.cpp.h; path = func_matrix.hpp; sourceTree = "<group>"; };
		A70D19521886A2CD0004EA7C /* func_matrix.inl */ = {isa = PBXFileReference; fileEncoding = 4; lastKnownFileType = text; path = func_matrix.inl; sourceTree = "<group>"; };
		A70D19531886A2CD0004EA7C /* func_noise.hpp */ = {isa = PBXFileReference; fileEncoding = 4; lastKnownFileType = sourcecode.cpp.h; path = func_noise.hpp; sourceTree = "<group>"; };
		A70D19541886A2CD0004EA7C /* func_noise.inl */ = {isa = PBXFileReference; fileEncoding = 4; lastKnownFileType = text; path = func_noise.inl; sourceTree = "<group>"; };
		A70D19551886A2CD0004EA7C /* func_packing.hpp */ = {isa = PBXFileReference; fileEncoding = 4; lastKnownFileType = sourcecode.cpp.h; path = func_packing.hpp; sourceTree = "<group>"; };
		A70D19561886A2CD0004EA7C /* func_packing.inl */ = {isa = PBXFileReference; fileEncoding = 4; lastKnownFileType = text; path = func_packing.inl; sourceTree = "<group>"; };
		A70D19571886A2CD0004EA7C /* func_trigonometric.hpp */ = {isa = PBXFileReference; fileEncoding = 4; lastKnownFileType = sourcecode.cpp.h; path = func_trigonometric.hpp; sourceTree = "<group>"; };
		A70D19581886A2CD0004EA7C /* func_trigonometric.inl */ = {isa = PBXFileReference; fileEncoding = 4; lastKnownFileType = text; path = func_trigonometric.inl; sourceTree = "<group>"; };
		A70D19591886A2CD0004EA7C /* func_vector_relational.hpp */ = {isa = PBXFileReference; fileEncoding = 4; lastKnownFileType = sourcecode.cpp.h; path = func_vector_relational.hpp; sourceTree = "<group>"; };
		A70D195A1886A2CD0004EA7C /* func_vector_relational.inl */ = {isa = PBXFileReference; fileEncoding = 4; lastKnownFileType = text; path = func_vector_relational.inl; sourceTree = "<group>"; };
		A70D195B1886A2CD0004EA7C /* hint.hpp */ = {isa = PBXFileReference; fileEncoding = 4; lastKnownFileType = sourcecode.cpp.h; path = hint.hpp; sourceTree = "<group>"; };
		A70D195C1886A2CD0004EA7C /* intrinsic_common.hpp */ = {isa = PBXFileReference; fileEncoding = 4; lastKnownFileType = sourcecode.cpp.h; path = intrinsic_common.hpp; sourceTree = "<group>"; };
		A70D195D1886A2CD0004EA7C /* intrinsic_common.inl */ = {isa = PBXFileReference; fileEncoding = 4; lastKnownFileType = text; path = intrinsic_common.inl; sourceTree = "<group>"; };
		A70D195E1886A2CD0004EA7C /* intrinsic_exponential.hpp */ = {isa = PBXFileReference; fileEncoding = 4; lastKnownFileType = sourcecode.cpp.h; path = intrinsic_exponential.hpp; sourceTree = "<group>"; };
		A70D195F1886A2CD0004EA7C /* intrinsic_exponential.inl */ = {isa = PBXFileReference; fileEncoding = 4; lastKnownFileType = text; path = intrinsic_exponential.inl; sourceTree = "<group>"; };
		A70D19601886A2CD0004EA7C /* intrinsic_geometric.hpp */ = {isa = PBXFileReference; fileEncoding = 4; lastKnownFileType = sourcecode.cpp.h; path = intrinsic_geometric.hpp; sourceTree = "<group>"; };
		A70D19611886A2CD0004EA7C /* intrinsic_geometric.inl */ = {isa = PBXFileReference; fileEncoding = 4; lastKnownFileType = text; path = intrinsic_geometric.inl; sourceTree = "<group>"; };
		A70D19621886A2CD0004EA7C /* intrinsic_matrix.hpp */ = {isa = PBXFileReference; fileEncoding = 4; lastKnownFileType = sourcecode.cpp.h; path = intrinsic_matrix.hpp; sourceTree = "<group>"; };
		A70D19631886A2CD0004EA7C /* intrinsic_matrix.inl */ = {isa = PBXFileReference; fileEncoding = 4; lastKnownFileType = text; path = intrinsic_matrix.inl; sourceTree = "<group>"; };
		A70D19641886A2CD0004EA7C /* intrinsic_trigonometric.hpp */ = {isa = PBXFileReference; fileEncoding = 4; lastKnownFileType = sourcecode.cpp.h; path = intrinsic_trigonometric.hpp; sourceTree = "<group>"; };
		A70D19651886A2CD0004EA7C /* intrinsic_trigonometric.inl */ = {isa = PBXFileReference; fileEncoding = 4; lastKnownFileType = text; path = intrinsic_trigonometric.inl; sourceTree = "<group>"; };
		A70D19661886A2CD0004EA7C /* intrinsic_vector_relational.hpp */ = {isa = PBXFileReference; fileEncoding = 4; lastKnownFileType = sourcecode.cpp.h; path = intrinsic_vector_relational.hpp; sourceTree = "<group>"; };
		A70D19671886A2CD0004EA7C /* intrinsic_vector_relational.inl */ = {isa = PBXFileReference; fileEncoding = 4; lastKnownFileType = text; path = intrinsic_vector_relational.inl; sourceTree = "<group>"; };
		A70D19681886A2CD0004EA7C /* setup.hpp */ = {isa = PBXFileReference; fileEncoding = 4; lastKnownFileType = sourcecode.cpp.h; path = setup.hpp; sourceTree = "<group>"; };
		A70D19691886A2CD0004EA7C /* type.hpp */ = {isa = PBXFileReference; fileEncoding = 4; lastKnownFileType = sourcecode.cpp.h; path = type.hpp; sourceTree = "<group>"; };
		A70D196A1886A2CD0004EA7C /* type_float.hpp */ = {isa = PBXFileReference; fileEncoding = 4; lastKnownFileType = sourcecode.cpp.h; path = type_float.hpp; sourceTree = "<group>"; };
		A70D196B1886A2CD0004EA7C /* type_gentype.hpp */ = {isa = PBXFileReference; fileEncoding = 4; lastKnownFileType = sourcecode.cpp.h; path = type_gentype.hpp; sourceTree = "<group>"; };
		A70D196C1886A2CD0004EA7C /* type_gentype.inl */ = {isa = PBXFileReference; fileEncoding = 4; lastKnownFileType = text; path = type_gentype.inl; sourceTree = "<group>"; };
		A70D196D1886A2CD0004EA7C /* type_half.hpp */ = {isa = PBXFileReference; fileEncoding = 4; lastKnownFileType = sourcecode.cpp.h; path = type_half.hpp; sourceTree = "<group>"; };
		A70D196E1886A2CD0004EA7C /* type_half.inl */ = {isa = PBXFileReference; fileEncoding = 4; lastKnownFileType = text; path = type_half.inl; sourceTree = "<group>"; };
		A70D196F1886A2CD0004EA7C /* type_int.hpp */ = {isa = PBXFileReference; fileEncoding = 4; lastKnownFileType = sourcecode.cpp.h; path = type_int.hpp; sourceTree = "<group>"; };
		A70D19701886A2CE0004EA7C /* type_mat.hpp */ = {isa = PBXFileReference; fileEncoding = 4; lastKnownFileType = sourcecode.cpp.h; path = type_mat.hpp; sourceTree = "<group>"; };
		A70D19711886A2CE0004EA7C /* type_mat.inl */ = {isa = PBXFileReference; fileEncoding = 4; lastKnownFileType = text; path = type_mat.inl; sourceTree = "<group>"; };
		A70D19721886A2CE0004EA7C /* type_mat2x2.hpp */ = {isa = PBXFileReference; fileEncoding = 4; lastKnownFileType = sourcecode.cpp.h; path = type_mat2x2.hpp; sourceTree = "<group>"; };
		A70D19731886A2CE0004EA7C /* type_mat2x2.inl */ = {isa = PBXFileReference; fileEncoding = 4; lastKnownFileType = text; path = type_mat2x2.inl; sourceTree = "<group>"; };
		A70D19741886A2CE0004EA7C /* type_mat2x3.hpp */ = {isa = PBXFileReference; fileEncoding = 4; lastKnownFileType = sourcecode.cpp.h; path = type_mat2x3.hpp; sourceTree = "<group>"; };
		A70D19751886A2CE0004EA7C /* type_mat2x3.inl */ = {isa = PBXFileReference; fileEncoding = 4; lastKnownFileType = text; path = type_mat2x3.inl; sourceTree = "<group>"; };
		A70D19761886A2CE0004EA7C /* type_mat2x4.hpp */ = {isa = PBXFileReference; fileEncoding = 4; lastKnownFileType = sourcecode.cpp.h; path = type_mat2x4.hpp; sourceTree = "<group>"; };
		A70D19771886A2CE0004EA7C /* type_mat2x4.inl */ = {isa = PBXFileReference; fileEncoding = 4; lastKnownFileType = text; path = type_mat2x4.inl; sourceTree = "<group>"; };
		A70D19781886A2CE0004EA7C /* type_mat3x2.hpp */ = {isa = PBXFileReference; fileEncoding = 4; lastKnownFileType = sourcecode.cpp.h; path = type_mat3x2.hpp; sourceTree = "<group>"; };
		A70D19791886A2CE0004EA7C /* type_mat3x2.inl */ = {isa = PBXFileReference; fileEncoding = 4; lastKnownFileType = text; path = type_mat3x2.inl; sourceTree = "<group>"; };
		A70D197A1886A2CE0004EA7C /* type_mat3x3.hpp */ = {isa = PBXFileReference; fileEncoding = 4; lastKnownFileType = sourcecode.cpp.h; path = type_mat3x3.hpp; sourceTree = "<group>"; };
		A70D197B1886A2CE0004EA7C /* type_mat3x3.inl */ = {isa = PBXFileReference; fileEncoding = 4; lastKnownFileType = text; path = type_mat3x3.inl; sourceTree = "<group>"; };
		A70D197C1886A2CE0004EA7C /* type_mat3x4.hpp */ = {isa = PBXFileReference; fileEncoding = 4; lastKnownFileType = sourcecode.cpp.h; path = type_mat3x4.hpp; sourceTree = "<group>"; };
		A70D197D1886A2CE0004EA7C /* type_mat3x4.inl */ = {isa = PBXFileReference; fileEncoding = 4; lastKnownFileType = text; path = type_mat3x4.inl; sourceTree = "<group>"; };
		A70D197E1886A2CE0004EA7C /* type_mat4x2.hpp */ = {isa = PBXFileReference; fileEncoding = 4; lastKnownFileType = sourcecode.cpp.h; path = type_mat4x2.hpp; sourceTree = "<group>"; };
		A70D197F1886A2CE0004EA7C /* type_mat4x2.inl */ = {isa = PBXFileReference; fileEncoding = 4; lastKnownFileType = text; path = type_mat4x2.inl; sourceTree = "<group>"; };
		A70D19801886A2CE0004EA7C /* type_mat4x3.hpp */ = {isa = PBXFileReference; fileEncoding = 4; lastKnownFileType = sourcecode.cpp.h; path = type_mat4x3.hpp; sourceTree = "<group>"; };
		A70D19811886A2CE0004EA7C /* type_mat4x3.inl */ = {isa = PBXFileReference; fileEncoding = 4; lastKnownFileType = text; path = type_mat4x3.inl; sourceTree = "<group>"; };
		A70D19821886A2CE0004EA7C /* type_mat4x4.hpp */ = {isa = PBXFileReference; fileEncoding = 4; lastKnownFileType = sourcecode.cpp.h; path = type_mat4x4.hpp; sourceTree = "<group>"; };
		A70D19831886A2CE0004EA7C /* type_mat4x4.inl */ = {isa = PBXFileReference; fileEncoding = 4; lastKnownFileType = text; path = type_mat4x4.inl; sourceTree = "<group>"; };
		A70D19841886A2CE0004EA7C /* type_size.hpp */ = {isa = PBXFileReference; fileEncoding = 4; lastKnownFileType = sourcecode.cpp.h; path = type_size.hpp; sourceTree = "<group>"; };
		A70D19851886A2CE0004EA7C /* type_vec.hpp */ = {isa = PBXFileReference; fileEncoding = 4; lastKnownFileType = sourcecode.cpp.h; path = type_vec.hpp; sourceTree = "<group>"; };
		A70D19861886A2CE0004EA7C /* type_vec.inl */ = {isa = PBXFileReference; fileEncoding = 4; lastKnownFileType = text; path = type_vec.inl; sourceTree = "<group>"; };
		A70D19871886A2CE0004EA7C /* type_vec1.hpp */ = {isa = PBXFileReference; fileEncoding = 4; lastKnownFileType = sourcecode.cpp.h; path = type_vec1.hpp; sourceTree = "<group>"; };
		A70D19881886A2CE0004EA7C /* type_vec1.inl */ = {isa = PBXFileReference; fileEncoding = 4; lastKnownFileType = text; path = type_vec1.inl; sourceTree = "<group>"; };
		A70D19891886A2CE0004EA7C /* type_vec2.hpp */ = {isa = PBXFileReference; fileEncoding = 4; lastKnownFileType = sourcecode.cpp.h; path = type_vec2.hpp; sourceTree = "<group>"; };
		A70D198A1886A2CE0004EA7C /* type_vec2.inl */ = {isa = PBXFileReference; fileEncoding = 4; lastKnownFileType = text; path = type_vec2.inl; sourceTree = "<group>"; };
		A70D198B1886A2CE0004EA7C /* type_vec3.hpp */ = {isa = PBXFileReference; fileEncoding = 4; lastKnownFileType = sourcecode.cpp.h; path = type_vec3.hpp; sourceTree = "<group>"; };
		A70D198C1886A2CE0004EA7C /* type_vec3.inl */ = {isa = PBXFileReference; fileEncoding = 4; lastKnownFileType = text; path = type_vec3.inl; sourceTree = "<group>"; };
		A70D198D1886A2CE0004EA7C /* type_vec4.hpp */ = {isa = PBXFileReference; fileEncoding = 4; lastKnownFileType = sourcecode.cpp.h; path = type_vec4.hpp; sourceTree = "<group>"; };
		A70D198E1886A2CE0004EA7C /* type_vec4.inl */ = {isa = PBXFileReference; fileEncoding = 4; lastKnownFileType = text; path = type_vec4.inl; sourceTree = "<group>"; };
		A70D198F1886A2CE0004EA7C /* ext.hpp */ = {isa = PBXFileReference; fileEncoding = 4; lastKnownFileType = sourcecode.cpp.h; path = ext.hpp; sourceTree = "<group>"; };
		A70D19901886A2CE0004EA7C /* glm.hpp */ = {isa = PBXFileReference; fileEncoding = 4; lastKnownFileType = sourcecode.cpp.h; path = glm.hpp; sourceTree = "<group>"; };
		A70D19921886A2CE0004EA7C /* constants.hpp */ = {isa = PBXFileReference; fileEncoding = 4; lastKnownFileType = sourcecode.cpp.h; path = constants.hpp; sourceTree = "<group>"; };
		A70D19931886A2CE0004EA7C /* constants.inl */ = {isa = PBXFileReference; fileEncoding = 4; lastKnownFileType = text; path = constants.inl; sourceTree = "<group>"; };
		A70D19941886A2CE0004EA7C /* epsilon.hpp */ = {isa = PBXFileReference; fileEncoding = 4; lastKnownFileType = sourcecode.cpp.h; path = epsilon.hpp; sourceTree = "<group>"; };
		A70D19951886A2CE0004EA7C /* epsilon.inl */ = {isa = PBXFileReference; fileEncoding = 4; lastKnownFileType = text; path = epsilon.inl; sourceTree = "<group>"; };
		A70D19961886A2CE0004EA7C /* half_float.hpp */ = {isa = PBXFileReference; fileEncoding = 4; lastKnownFileType = sourcecode.cpp.h; path = half_float.hpp; sourceTree = "<group>"; };
		A70D19971886A2CE0004EA7C /* half_float.inl */ = {isa = PBXFileReference; fileEncoding = 4; lastKnownFileType = text; path = half_float.inl; sourceTree = "<group>"; };
		A70D19981886A2CE0004EA7C /* matrix_access.hpp */ = {isa = PBXFileReference; fileEncoding = 4; lastKnownFileType = sourcecode.cpp.h; path = matrix_access.hpp; sourceTree = "<group>"; };
		A70D19991886A2CE0004EA7C /* matrix_access.inl */ = {isa = PBXFileReference; fileEncoding = 4; lastKnownFileType = text; path = matrix_access.inl; sourceTree = "<group>"; };
		A70D199A1886A2CE0004EA7C /* matrix_integer.hpp */ = {isa = PBXFileReference; fileEncoding = 4; lastKnownFileType = sourcecode.cpp.h; path = matrix_integer.hpp; sourceTree = "<group>"; };
		A70D199B1886A2CE0004EA7C /* matrix_inverse.hpp */ = {isa = PBXFileReference; fileEncoding = 4; lastKnownFileType = sourcecode.cpp.h; path = matrix_inverse.hpp; sourceTree = "<group>"; };
		A70D199C1886A2CE0004EA7C /* matrix_inverse.inl */ = {isa = PBXFileReference; fileEncoding = 4; lastKnownFileType = text; path = matrix_inverse.inl; sourceTree = "<group>"; };
		A70D199D1886A2CE0004EA7C /* matrix_transform.hpp */ = {isa = PBXFileReference; fileEncoding = 4; lastKnownFileType = sourcecode.cpp.h; path = matrix_transform.hpp; sourceTree = "<group>"; };
		A70D199E1886A2CE0004EA7C /* matrix_transform.inl */ = {isa = PBXFileReference; fileEncoding = 4; lastKnownFileType = text; path = matrix_transform.inl; sourceTree = "<group>"; };
		A70D199F1886A2CE0004EA7C /* noise.hpp */ = {isa = PBXFileReference; fileEncoding = 4; lastKnownFileType = sourcecode.cpp.h; path = noise.hpp; sourceTree = "<group>"; };
		A70D19A01886A2CE0004EA7C /* noise.inl */ = {isa = PBXFileReference; fileEncoding = 4; lastKnownFileType = text; path = noise.inl; sourceTree = "<group>"; };
		A70D19A11886A2CE0004EA7C /* quaternion.hpp */ = {isa = PBXFileReference; fileEncoding = 4; lastKnownFileType = sourcecode.cpp.h; path = quaternion.hpp; sourceTree = "<group>"; };
		A70D19A21886A2CE0004EA7C /* quaternion.inl */ = {isa = PBXFileReference; fileEncoding = 4; lastKnownFileType = text; path = quaternion.inl; sourceTree = "<group>"; };
		A70D19A31886A2CE0004EA7C /* random.hpp */ = {isa = PBXFileReference; fileEncoding = 4; lastKnownFileType = sourcecode.cpp.h; path = random.hpp; sourceTree = "<group>"; };
		A70D19A41886A2CE0004EA7C /* random.inl */ = {isa = PBXFileReference; fileEncoding = 4; lastKnownFileType = text; path = random.inl; sourceTree = "<group>"; };
		A70D19A51886A2CE0004EA7C /* reciprocal.hpp */ = {isa = PBXFileReference; fileEncoding = 4; lastKnownFileType = sourcecode.cpp.h; path = reciprocal.hpp; sourceTree = "<group>"; };
		A70D19A61886A2CE0004EA7C /* reciprocal.inl */ = {isa = PBXFileReference; fileEncoding = 4; lastKnownFileType = text; path = reciprocal.inl; sourceTree = "<group>"; };
		A70D19A71886A2CE0004EA7C /* swizzle.hpp */ = {isa = PBXFileReference; fileEncoding = 4; lastKnownFileType = sourcecode.cpp.h; path = swizzle.hpp; sourceTree = "<group>"; };
		A70D19A81886A2CE0004EA7C /* swizzle.inl */ = {isa = PBXFileReference; fileEncoding = 4; lastKnownFileType = text; path = swizzle.inl; sourceTree = "<group>"; };
		A70D19A91886A2CE0004EA7C /* type_precision.hpp */ = {isa = PBXFileReference; fileEncoding = 4; lastKnownFileType = sourcecode.cpp.h; path = type_precision.hpp; sourceTree = "<group>"; };
		A70D19AA1886A2CE0004EA7C /* type_precision.inl */ = {isa = PBXFileReference; fileEncoding = 4; lastKnownFileType = text; path = type_precision.inl; sourceTree = "<group>"; };
		A70D19AB1886A2CE0004EA7C /* type_ptr.hpp */ = {isa = PBXFileReference; fileEncoding = 4; lastKnownFileType = sourcecode.cpp.h; path = type_ptr.hpp; sourceTree = "<group>"; };
		A70D19AC1886A2CE0004EA7C /* type_ptr.inl */ = {isa = PBXFileReference; fileEncoding = 4; lastKnownFileType = text; path = type_ptr.inl; sourceTree = "<group>"; };
		A70D19AD1886A2CE0004EA7C /* ulp.hpp */ = {isa = PBXFileReference; fileEncoding = 4; lastKnownFileType = sourcecode.cpp.h; path = ulp.hpp; sourceTree = "<group>"; };
		A70D19AE1886A2CE0004EA7C /* ulp.inl */ = {isa = PBXFileReference; fileEncoding = 4; lastKnownFileType = text; path = ulp.inl; sourceTree = "<group>"; };
		A70D19B01886A2CE0004EA7C /* associated_min_max.hpp */ = {isa = PBXFileReference; fileEncoding = 4; lastKnownFileType = sourcecode.cpp.h; path = associated_min_max.hpp; sourceTree = "<group>"; };
		A70D19B11886A2CE0004EA7C /* associated_min_max.inl */ = {isa = PBXFileReference; fileEncoding = 4; lastKnownFileType = text; path = associated_min_max.inl; sourceTree = "<group>"; };
		A70D19B21886A2CE0004EA7C /* bit.hpp */ = {isa = PBXFileReference; fileEncoding = 4; lastKnownFileType = sourcecode.cpp.h; path = bit.hpp; sourceTree = "<group>"; };
		A70D19B31886A2CE0004EA7C /* bit.inl */ = {isa = PBXFileReference; fileEncoding = 4; lastKnownFileType = text; path = bit.inl; sourceTree = "<group>"; };
		A70D19B41886A2CE0004EA7C /* closest_point.hpp */ = {isa = PBXFileReference; fileEncoding = 4; lastKnownFileType = sourcecode.cpp.h; path = closest_point.hpp; sourceTree = "<group>"; };
		A70D19B51886A2CE0004EA7C /* closest_point.inl */ = {isa = PBXFileReference; fileEncoding = 4; lastKnownFileType = text; path = closest_point.inl; sourceTree = "<group>"; };
		A70D19B61886A2CE0004EA7C /* color_cast.hpp */ = {isa = PBXFileReference; fileEncoding = 4; lastKnownFileType = sourcecode.cpp.h; path = color_cast.hpp; sourceTree = "<group>"; };
		A70D19B71886A2CE0004EA7C /* color_cast.inl */ = {isa = PBXFileReference; fileEncoding = 4; lastKnownFileType = text; path = color_cast.inl; sourceTree = "<group>"; };
		A70D19B81886A2CE0004EA7C /* color_space.hpp */ = {isa = PBXFileReference; fileEncoding = 4; lastKnownFileType = sourcecode.cpp.h; path = color_space.hpp; sourceTree = "<group>"; };
		A70D19B91886A2CE0004EA7C /* color_space.inl */ = {isa = PBXFileReference; fileEncoding = 4; lastKnownFileType = text; path = color_space.inl; sourceTree = "<group>"; };
		A70D19BA1886A2CE0004EA7C /* color_space_YCoCg.hpp */ = {isa = PBXFileReference; fileEncoding = 4; lastKnownFileType = sourcecode.cpp.h; path = color_space_YCoCg.hpp; sourceTree = "<group>"; };
		A70D19BB1886A2CE0004EA7C /* color_space_YCoCg.inl */ = {isa = PBXFileReference; fileEncoding = 4; lastKnownFileType = text; path = color_space_YCoCg.inl; sourceTree = "<group>"; };
		A70D19BC1886A2CE0004EA7C /* compatibility.hpp */ = {isa = PBXFileReference; fileEncoding = 4; lastKnownFileType = sourcecode.cpp.h; path = compatibility.hpp; sourceTree = "<group>"; };
		A70D19BD1886A2CE0004EA7C /* compatibility.inl */ = {isa = PBXFileReference; fileEncoding = 4; lastKnownFileType = text; path = compatibility.inl; sourceTree = "<group>"; };
		A70D19BE1886A2CE0004EA7C /* component_wise.hpp */ = {isa = PBXFileReference; fileEncoding = 4; lastKnownFileType = sourcecode.cpp.h; path = component_wise.hpp; sourceTree = "<group>"; };
		A70D19BF1886A2CE0004EA7C /* component_wise.inl */ = {isa = PBXFileReference; fileEncoding = 4; lastKnownFileType = text; path = component_wise.inl; sourceTree = "<group>"; };
		A70D19C01886A2CE0004EA7C /* constants.hpp */ = {isa = PBXFileReference; fileEncoding = 4; lastKnownFileType = sourcecode.cpp.h; path = constants.hpp; sourceTree = "<group>"; };
		A70D19C11886A2CE0004EA7C /* epsilon.hpp */ = {isa = PBXFileReference; fileEncoding = 4; lastKnownFileType = sourcecode.cpp.h; path = epsilon.hpp; sourceTree = "<group>"; };
		A70D19C21886A2CE0004EA7C /* euler_angles.hpp */ = {isa = PBXFileReference; fileEncoding = 4; lastKnownFileType = sourcecode.cpp.h; path = euler_angles.hpp; sourceTree = "<group>"; };
		A70D19C31886A2CE0004EA7C /* euler_angles.inl */ = {isa = PBXFileReference; fileEncoding = 4; lastKnownFileType = text; path = euler_angles.inl; sourceTree = "<group>"; };
		A70D19C41886A2CE0004EA7C /* extend.hpp */ = {isa = PBXFileReference; fileEncoding = 4; lastKnownFileType = sourcecode.cpp.h; path = extend.hpp; sourceTree = "<group>"; };
		A70D19C51886A2CE0004EA7C /* extend.inl */ = {isa = PBXFileReference; fileEncoding = 4; lastKnownFileType = text; path = extend.inl; sourceTree = "<group>"; };
		A70D19C61886A2CE0004EA7C /* extented_min_max.hpp */ = {isa = PBXFileReference; fileEncoding = 4; lastKnownFileType = sourcecode.cpp.h; path = extented_min_max.hpp; sourceTree = "<group>"; };
		A70D19C71886A2CE0004EA7C /* extented_min_max.inl */ = {isa = PBXFileReference; fileEncoding = 4; lastKnownFileType = text; path = extented_min_max.inl; sourceTree = "<group>"; };
		A70D19C81886A2CE0004EA7C /* fast_exponential.hpp */ = {isa = PBXFileReference; fileEncoding = 4; lastKnownFileType = sourcecode.cpp.h; path = fast_exponential.hpp; sourceTree = "<group>"; };
		A70D19C91886A2CE0004EA7C /* fast_exponential.inl */ = {isa = PBXFileReference; fileEncoding = 4; lastKnownFileType = text; path = fast_exponential.inl; sourceTree = "<group>"; };
		A70D19CA1886A2CE0004EA7C /* fast_square_root.hpp */ = {isa = PBXFileReference; fileEncoding = 4; lastKnownFileType = sourcecode.cpp.h; path = fast_square_root.hpp; sourceTree = "<group>"; };
		A70D19CB1886A2CE0004EA7C /* fast_square_root.inl */ = {isa = PBXFileReference; fileEncoding = 4; lastKnownFileType = text; path = fast_square_root.inl; sourceTree = "<group>"; };
		A70D19CC1886A2CE0004EA7C /* fast_trigonometry.hpp */ = {isa = PBXFileReference; fileEncoding = 4; lastKnownFileType = sourcecode.cpp.h; path = fast_trigonometry.hpp; sourceTree = "<group>"; };
		A70D19CD1886A2CE0004EA7C /* fast_trigonometry.inl */ = {isa = PBXFileReference; fileEncoding = 4; lastKnownFileType = text; path = fast_trigonometry.inl; sourceTree = "<group>"; };
		A70D19CE1886A2CE0004EA7C /* gradient_paint.hpp */ = {isa = PBXFileReference; fileEncoding = 4; lastKnownFileType = sourcecode.cpp.h; path = gradient_paint.hpp; sourceTree = "<group>"; };
		A70D19CF1886A2CE0004EA7C /* gradient_paint.inl */ = {isa = PBXFileReference; fileEncoding = 4; lastKnownFileType = text; path = gradient_paint.inl; sourceTree = "<group>"; };
		A70D19D01886A2CE0004EA7C /* handed_coordinate_space.hpp */ = {isa = PBXFileReference; fileEncoding = 4; lastKnownFileType = sourcecode.cpp.h; path = handed_coordinate_space.hpp; sourceTree = "<group>"; };
		A70D19D11886A2CE0004EA7C /* handed_coordinate_space.inl */ = {isa = PBXFileReference; fileEncoding = 4; lastKnownFileType = text; path = handed_coordinate_space.inl; sourceTree = "<group>"; };
		A70D19D21886A2CE0004EA7C /* inertia.hpp */ = {isa = PBXFileReference; fileEncoding = 4; lastKnownFileType = sourcecode.cpp.h; path = inertia.hpp; sourceTree = "<group>"; };
		A70D19D31886A2CE0004EA7C /* inertia.inl */ = {isa = PBXFileReference; fileEncoding = 4; lastKnownFileType = text; path = inertia.inl; sourceTree = "<group>"; };
		A70D19D41886A2CE0004EA7C /* int_10_10_10_2.hpp */ = {isa = PBXFileReference; fileEncoding = 4; lastKnownFileType = sourcecode.cpp.h; path = int_10_10_10_2.hpp; sourceTree = "<group>"; };
		A70D19D51886A2CE0004EA7C /* int_10_10_10_2.inl */ = {isa = PBXFileReference; fileEncoding = 4; lastKnownFileType = text; path = int_10_10_10_2.inl; sourceTree = "<group>"; };
		A70D19D61886A2CE0004EA7C /* integer.hpp */ = {isa = PBXFileReference; fileEncoding = 4; lastKnownFileType = sourcecode.cpp.h; path = integer.hpp; sourceTree = "<group>"; };
		A70D19D71886A2CE0004EA7C /* integer.inl */ = {isa = PBXFileReference; fileEncoding = 4; lastKnownFileType = text; path = integer.inl; sourceTree = "<group>"; };
		A70D19D81886A2CE0004EA7C /* intersect.hpp */ = {isa = PBXFileReference; fileEncoding = 4; lastKnownFileType = sourcecode.cpp.h; path = intersect.hpp; sourceTree = "<group>"; };
		A70D19D91886A2CE0004EA7C /* intersect.inl */ = {isa = PBXFileReference; fileEncoding = 4; lastKnownFileType = text; path = intersect.inl; sourceTree = "<group>"; };
		A70D19DA1886A2CE0004EA7C /* log_base.hpp */ = {isa = PBXFileReference; fileEncoding = 4; lastKnownFileType = sourcecode.cpp.h; path = log_base.hpp; sourceTree = "<group>"; };
		A70D19DB1886A2CE0004EA7C /* log_base.inl */ = {isa = PBXFileReference; fileEncoding = 4; lastKnownFileType = text; path = log_base.inl; sourceTree = "<group>"; };
		A70D19DC1886A2CE0004EA7C /* matrix_cross_product.hpp */ = {isa = PBXFileReference; fileEncoding = 4; lastKnownFileType = sourcecode.cpp.h; path = matrix_cross_product.hpp; sourceTree = "<group>"; };
		A70D19DD1886A2CE0004EA7C /* matrix_cross_product.inl */ = {isa = PBXFileReference; fileEncoding = 4; lastKnownFileType = text; path = matrix_cross_product.inl; sourceTree = "<group>"; };
		A70D19DE1886A2CE0004EA7C /* matrix_interpolation.hpp */ = {isa = PBXFileReference; fileEncoding = 4; lastKnownFileType = sourcecode.cpp.h; path = matrix_interpolation.hpp; sourceTree = "<group>"; };
		A70D19DF1886A2CE0004EA7C /* matrix_interpolation.inl */ = {isa = PBXFileReference; fileEncoding = 4; lastKnownFileType = text; path = matrix_interpolation.inl; sourceTree = "<group>"; };
		A70D19E01886A2CE0004EA7C /* matrix_major_storage.hpp */ = {isa = PBXFileReference; fileEncoding = 4; lastKnownFileType = sourcecode.cpp.h; path = matrix_major_storage.hpp; sourceTree = "<group>"; };
		A70D19E11886A2CE0004EA7C /* matrix_major_storage.inl */ = {isa = PBXFileReference; fileEncoding = 4; lastKnownFileType = text; path = matrix_major_storage.inl; sourceTree = "<group>"; };
		A70D19E21886A2CE0004EA7C /* matrix_operation.hpp */ = {isa = PBXFileReference; fileEncoding = 4; lastKnownFileType = sourcecode.cpp.h; path = matrix_operation.hpp; sourceTree = "<group>"; };
		A70D19E31886A2CE0004EA7C /* matrix_operation.inl */ = {isa = PBXFileReference; fileEncoding = 4; lastKnownFileType = text; path = matrix_operation.inl; sourceTree = "<group>"; };
		A70D19E41886A2CE0004EA7C /* matrix_query.hpp */ = {isa = PBXFileReference; fileEncoding = 4; lastKnownFileType = sourcecode.cpp.h; path = matrix_query.hpp; sourceTree = "<group>"; };
		A70D19E51886A2CE0004EA7C /* matrix_query.inl */ = {isa = PBXFileReference; fileEncoding = 4; lastKnownFileType = text; path = matrix_query.inl; sourceTree = "<group>"; };
		A70D19E61886A2CE0004EA7C /* mixed_product.hpp */ = {isa = PBXFileReference; fileEncoding = 4; lastKnownFileType = sourcecode.cpp.h; path = mixed_product.hpp; sourceTree = "<group>"; };
		A70D19E71886A2CE0004EA7C /* mixed_product.inl */ = {isa = PBXFileReference; fileEncoding = 4; lastKnownFileType = text; path = mixed_product.inl; sourceTree = "<group>"; };
		A70D19E81886A2CE0004EA7C /* multiple.hpp */ = {isa = PBXFileReference; fileEncoding = 4; lastKnownFileType = sourcecode.cpp.h; path = multiple.hpp; sourceTree = "<group>"; };
		A70D19E91886A2CE0004EA7C /* multiple.inl */ = {isa = PBXFileReference; fileEncoding = 4; lastKnownFileType = text; path = multiple.inl; sourceTree = "<group>"; };
		A70D19EA1886A2CE0004EA7C /* noise.hpp */ = {isa = PBXFileReference; fileEncoding = 4; lastKnownFileType = sourcecode.cpp.h; path = noise.hpp; sourceTree = "<group>"; };
		A70D19EB1886A2CE0004EA7C /* norm.hpp */ = {isa = PBXFileReference; fileEncoding = 4; lastKnownFileType = sourcecode.cpp.h; path = norm.hpp; sourceTree = "<group>"; };
		A70D19EC1886A2CE0004EA7C /* norm.inl */ = {isa = PBXFileReference; fileEncoding = 4; lastKnownFileType = text; path = norm.inl; sourceTree = "<group>"; };
		A70D19ED1886A2CE0004EA7C /* normal.hpp */ = {isa = PBXFileReference; fileEncoding = 4; lastKnownFileType = sourcecode.cpp.h; path = normal.hpp; sourceTree = "<group>"; };
		A70D19EE1886A2CE0004EA7C /* normal.inl */ = {isa = PBXFileReference; fileEncoding = 4; lastKnownFileType = text; path = normal.inl; sourceTree = "<group>"; };
		A70D19EF1886A2CE0004EA7C /* normalize_dot.hpp */ = {isa = PBXFileReference; fileEncoding = 4; lastKnownFileType = sourcecode.cpp.h; path = normalize_dot.hpp; sourceTree = "<group>"; };
		A70D19F01886A2CE0004EA7C /* normalize_dot.inl */ = {isa = PBXFileReference; fileEncoding = 4; lastKnownFileType = text; path = normalize_dot.inl; sourceTree = "<group>"; };
		A70D19F11886A2CE0004EA7C /* number_precision.hpp */ = {isa = PBXFileReference; fileEncoding = 4; lastKnownFileType = sourcecode.cpp.h; path = number_precision.hpp; sourceTree = "<group>"; };
		A70D19F21886A2CE0004EA7C /* number_precision.inl */ = {isa = PBXFileReference; fileEncoding = 4; lastKnownFileType = text; path = number_precision.inl; sourceTree = "<group>"; };
		A70D19F31886A2CE0004EA7C /* ocl_type.hpp */ = {isa = PBXFileReference; fileEncoding = 4; lastKnownFileType = sourcecode.cpp.h; path = ocl_type.hpp; sourceTree = "<group>"; };
		A70D19F41886A2CE0004EA7C /* ocl_type.inl */ = {isa = PBXFileReference; fileEncoding = 4; lastKnownFileType = text; path = ocl_type.inl; sourceTree = "<group>"; };
		A70D19F51886A2CE0004EA7C /* optimum_pow.hpp */ = {isa = PBXFileReference; fileEncoding = 4; lastKnownFileType = sourcecode.cpp.h; path = optimum_pow.hpp; sourceTree = "<group>"; };
		A70D19F61886A2CE0004EA7C /* optimum_pow.inl */ = {isa = PBXFileReference; fileEncoding = 4; lastKnownFileType = text; path = optimum_pow.inl; sourceTree = "<group>"; };
		A70D19F71886A2CE0004EA7C /* orthonormalize.hpp */ = {isa = PBXFileReference; fileEncoding = 4; lastKnownFileType = sourcecode.cpp.h; path = orthonormalize.hpp; sourceTree = "<group>"; };
		A70D19F81886A2CE0004EA7C /* orthonormalize.inl */ = {isa = PBXFileReference; fileEncoding = 4; lastKnownFileType = text; path = orthonormalize.inl; sourceTree = "<group>"; };
		A70D19F91886A2CE0004EA7C /* perpendicular.hpp */ = {isa = PBXFileReference; fileEncoding = 4; lastKnownFileType = sourcecode.cpp.h; path = perpendicular.hpp; sourceTree = "<group>"; };
		A70D19FA1886A2CE0004EA7C /* perpendicular.inl */ = {isa = PBXFileReference; fileEncoding = 4; lastKnownFileType = text; path = perpendicular.inl; sourceTree = "<group>"; };
		A70D19FB1886A2CE0004EA7C /* polar_coordinates.hpp */ = {isa = PBXFileReference; fileEncoding = 4; lastKnownFileType = sourcecode.cpp.h; path = polar_coordinates.hpp; sourceTree = "<group>"; };
		A70D19FC1886A2CE0004EA7C /* polar_coordinates.inl */ = {isa = PBXFileReference; fileEncoding = 4; lastKnownFileType = text; path = polar_coordinates.inl; sourceTree = "<group>"; };
		A70D19FD1886A2CE0004EA7C /* projection.hpp */ = {isa = PBXFileReference; fileEncoding = 4; lastKnownFileType = sourcecode.cpp.h; path = projection.hpp; sourceTree = "<group>"; };
		A70D19FE1886A2CE0004EA7C /* projection.inl */ = {isa = PBXFileReference; fileEncoding = 4; lastKnownFileType = text; path = projection.inl; sourceTree = "<group>"; };
		A70D19FF1886A2CE0004EA7C /* quaternion.hpp */ = {isa = PBXFileReference; fileEncoding = 4; lastKnownFileType = sourcecode.cpp.h; path = quaternion.hpp; sourceTree = "<group>"; };
		A70D1A001886A2CE0004EA7C /* quaternion.inl */ = {isa = PBXFileReference; fileEncoding = 4; lastKnownFileType = text; path = quaternion.inl; sourceTree = "<group>"; };
		A70D1A011886A2CE0004EA7C /* random.hpp */ = {isa = PBXFileReference; fileEncoding = 4; lastKnownFileType = sourcecode.cpp.h; path = random.hpp; sourceTree = "<group>"; };
		A70D1A021886A2CE0004EA7C /* raw_data.hpp */ = {isa = PBXFileReference; fileEncoding = 4; lastKnownFileType = sourcecode.cpp.h; path = raw_data.hpp; sourceTree = "<group>"; };
		A70D1A031886A2CE0004EA7C /* raw_data.inl */ = {isa = PBXFileReference; fileEncoding = 4; lastKnownFileType = text; path = raw_data.inl; sourceTree = "<group>"; };
		A70D1A041886A2CE0004EA7C /* reciprocal.hpp */ = {isa = PBXFileReference; fileEncoding = 4; lastKnownFileType = sourcecode.cpp.h; path = reciprocal.hpp; sourceTree = "<group>"; };
		A70D1A051886A2CE0004EA7C /* rotate_vector.hpp */ = {isa = PBXFileReference; fileEncoding = 4; lastKnownFileType = sourcecode.cpp.h; path = rotate_vector.hpp; sourceTree = "<group>"; };
		A70D1A061886A2CE0004EA7C /* rotate_vector.inl */ = {isa = PBXFileReference; fileEncoding = 4; lastKnownFileType = text; path = rotate_vector.inl; sourceTree = "<group>"; };
		A70D1A071886A2CE0004EA7C /* simd_mat4.hpp */ = {isa = PBXFileReference; fileEncoding = 4; lastKnownFileType = sourcecode.cpp.h; path = simd_mat4.hpp; sourceTree = "<group>"; };
		A70D1A081886A2CE0004EA7C /* simd_mat4.inl */ = {isa = PBXFileReference; fileEncoding = 4; lastKnownFileType = text; path = simd_mat4.inl; sourceTree = "<group>"; };
		A70D1A091886A2CE0004EA7C /* simd_vec4.hpp */ = {isa = PBXFileReference; fileEncoding = 4; lastKnownFileType = sourcecode.cpp.h; path = simd_vec4.hpp; sourceTree = "<group>"; };
		A70D1A0A1886A2CE0004EA7C /* simd_vec4.inl */ = {isa = PBXFileReference; fileEncoding = 4; lastKnownFileType = text; path = simd_vec4.inl; sourceTree = "<group>"; };
		A70D1A0B1886A2CE0004EA7C /* spline.hpp */ = {isa = PBXFileReference; fileEncoding = 4; lastKnownFileType = sourcecode.cpp.h; path = spline.hpp; sourceTree = "<group>"; };
		A70D1A0C1886A2CE0004EA7C /* spline.inl */ = {isa = PBXFileReference; fileEncoding = 4; lastKnownFileType = text; path = spline.inl; sourceTree = "<group>"; };
		A70D1A0D1886A2CE0004EA7C /* std_based_type.hpp */ = {isa = PBXFileReference; fileEncoding = 4; lastKnownFileType = sourcecode.cpp.h; path = std_based_type.hpp; sourceTree = "<group>"; };
		A70D1A0E1886A2CE0004EA7C /* std_based_type.inl */ = {isa = PBXFileReference; fileEncoding = 4; lastKnownFileType = text; path = std_based_type.inl; sourceTree = "<group>"; };
		A70D1A0F1886A2CE0004EA7C /* string_cast.hpp */ = {isa = PBXFileReference; fileEncoding = 4; lastKnownFileType = sourcecode.cpp.h; path = string_cast.hpp; sourceTree = "<group>"; };
		A70D1A101886A2CE0004EA7C /* string_cast.inl */ = {isa = PBXFileReference; fileEncoding = 4; lastKnownFileType = text; path = string_cast.inl; sourceTree = "<group>"; };
		A70D1A111886A2CE0004EA7C /* transform.hpp */ = {isa = PBXFileReference; fileEncoding = 4; lastKnownFileType = sourcecode.cpp.h; path = transform.hpp; sourceTree = "<group>"; };
		A70D1A121886A2CE0004EA7C /* transform.inl */ = {isa = PBXFileReference; fileEncoding = 4; lastKnownFileType = text; path = transform.inl; sourceTree = "<group>"; };
		A70D1A131886A2CE0004EA7C /* transform2.hpp */ = {isa = PBXFileReference; fileEncoding = 4; lastKnownFileType = sourcecode.cpp.h; path = transform2.hpp; sourceTree = "<group>"; };
		A70D1A141886A2CE0004EA7C /* transform2.inl */ = {isa = PBXFileReference; fileEncoding = 4; lastKnownFileType = text; path = transform2.inl; sourceTree = "<group>"; };
		A70D1A151886A2CE0004EA7C /* ulp.hpp */ = {isa = PBXFileReference; fileEncoding = 4; lastKnownFileType = sourcecode.cpp.h; path = ulp.hpp; sourceTree = "<group>"; };
		A70D1A161886A2CE0004EA7C /* unsigned_int.hpp */ = {isa = PBXFileReference; fileEncoding = 4; lastKnownFileType = sourcecode.cpp.h; path = unsigned_int.hpp; sourceTree = "<group>"; };
		A70D1A171886A2CE0004EA7C /* unsigned_int.inl */ = {isa = PBXFileReference; fileEncoding = 4; lastKnownFileType = text; path = unsigned_int.inl; sourceTree = "<group>"; };
		A70D1A181886A2CE0004EA7C /* vec1.hpp */ = {isa = PBXFileReference; fileEncoding = 4; lastKnownFileType = sourcecode.cpp.h; path = vec1.hpp; sourceTree = "<group>"; };
		A70D1A191886A2CE0004EA7C /* vec1.inl */ = {isa = PBXFileReference; fileEncoding = 4; lastKnownFileType = text; path = vec1.inl; sourceTree = "<group>"; };
		A70D1A1A1886A2CE0004EA7C /* vector_access.hpp */ = {isa = PBXFileReference; fileEncoding = 4; lastKnownFileType = sourcecode.cpp.h; path = vector_access.hpp; sourceTree = "<group>"; };
		A70D1A1B1886A2CE0004EA7C /* vector_access.inl */ = {isa = PBXFileReference; fileEncoding = 4; lastKnownFileType = text; path = vector_access.inl; sourceTree = "<group>"; };
		A70D1A1C1886A2CE0004EA7C /* vector_angle.hpp */ = {isa = PBXFileReference; fileEncoding = 4; lastKnownFileType = sourcecode.cpp.h; path = vector_angle.hpp; sourceTree = "<group>"; };
		A70D1A1D1886A2CE0004EA7C /* vector_angle.inl */ = {isa = PBXFileReference; fileEncoding = 4; lastKnownFileType = text; path = vector_angle.inl; sourceTree = "<group>"; };
		A70D1A1E1886A2CE0004EA7C /* vector_query.hpp */ = {isa = PBXFileReference; fileEncoding = 4; lastKnownFileType = sourcecode.cpp.h; path = vector_query.hpp; sourceTree = "<group>"; };
		A70D1A1F1886A2CE0004EA7C /* vector_query.inl */ = {isa = PBXFileReference; fileEncoding = 4; lastKnownFileType = text; path = vector_query.inl; sourceTree = "<group>"; };
		A70D1A201886A2CE0004EA7C /* verbose_operator.hpp */ = {isa = PBXFileReference; fileEncoding = 4; lastKnownFileType = sourcecode.cpp.h; path = verbose_operator.hpp; sourceTree = "<group>"; };
		A70D1A211886A2CE0004EA7C /* verbose_operator.inl */ = {isa = PBXFileReference; fileEncoding = 4; lastKnownFileType = text; path = verbose_operator.inl; sourceTree = "<group>"; };
		A70D1A221886A2CE0004EA7C /* wrap.hpp */ = {isa = PBXFileReference; fileEncoding = 4; lastKnownFileType = sourcecode.cpp.h; path = wrap.hpp; sourceTree = "<group>"; };
		A70D1A231886A2CE0004EA7C /* wrap.inl */ = {isa = PBXFileReference; fileEncoding = 4; lastKnownFileType = text; path = wrap.inl; sourceTree = "<group>"; };
		A70D1A251886A2CE0004EA7C /* xstream.hpp */ = {isa = PBXFileReference; fileEncoding = 4; lastKnownFileType = sourcecode.cpp.h; path = xstream.hpp; sourceTree = "<group>"; };
		A70D1A271886A31B0004EA7C /* GLUT.framework */ = {isa = PBXFileReference; lastKnownFileType = wrapper.framework; name = GLUT.framework; path = System/Library/Frameworks/GLUT.framework; sourceTree = SDKROOT; };
		A70D1A291886A3280004EA7C /* OpenGL.framework */ = {isa = PBXFileReference; lastKnownFileType = wrapper.framework; name = OpenGL.framework; path = System/Library/Frameworks/OpenGL.framework; sourceTree = SDKROOT; };
		A70D1A2B1886D66F0004EA7C /* imageloader.cpp */ = {isa = PBXFileReference; fileEncoding = 4; lastKnownFileType = sourcecode.cpp.cpp; name = imageloader.cpp; path = ../imageloader.cpp; sourceTree = "<group>"; };
		A70D1A2C1886D66F0004EA7C /* imageloader.h */ = {isa = PBXFileReference; fileEncoding = 4; lastKnownFileType = sourcecode.c.h; name = imageloader.h; path = ../imageloader.h; sourceTree = "<group>"; };
		A70D1A2E1886D6870004EA7C /* fragmentShader.fsh */ = {isa = PBXFileReference; fileEncoding = 4; lastKnownFileType = sourcecode.glsl; path = fragmentShader.fsh; sourceTree = "<group>"; };
		A70D1A2F1886D6870004EA7C /* vertexShader.vsh */ = {isa = PBXFileReference; fileEncoding = 4; lastKnownFileType = sourcecode.glsl; path = vertexShader.vsh; sourceTree = "<group>"; };
		A70D1A331886D6DF0004EA7C /* sphere.obj */ = {isa = PBXFileReference; lastKnownFileType = text; path = sphere.obj; sourceTree = "<group>"; };
		A70D1A341886EAD10004EA7C /* Day2-CCSR1.off */ = {isa = PBXFileReference; lastKnownFileType = text; path = "Day2-CCSR1.off"; sourceTree = "<group>"; };
		A70D1A351886EB110004EA7C /* test.off */ = {isa = PBXFileReference; fileEncoding = 4; lastKnownFileType = text; path = test.off; sourceTree = "<group>"; };
		A71412B818A532E200DB3ACA /* setColorFragShader.fsh */ = {isa = PBXFileReference; fileEncoding = 4; lastKnownFileType = sourcecode.glsl; path = setColorFragShader.fsh; sourceTree = "<group>"; };
		A71412BA18A5330B00DB3ACA /* setColorVertShader.vsh */ = {isa = PBXFileReference; fileEncoding = 4; lastKnownFileType = sourcecode.glsl; path = setColorVertShader.vsh; sourceTree = "<group>"; };
		A751D37318A281A200A32FD7 /* clipper.cpp */ = {isa = PBXFileReference; fileEncoding = 4; lastKnownFileType = sourcecode.cpp.cpp; path = clipper.cpp; sourceTree = "<group>"; };
		A751D37418A281A200A32FD7 /* clipper.h */ = {isa = PBXFileReference; fileEncoding = 4; lastKnownFileType = sourcecode.c.h; path = clipper.h; sourceTree = "<group>"; };
		A79DB61A18897A52001712E3 /* octree.h */ = {isa = PBXFileReference; lastKnownFileType = sourcecode.c.h; path = octree.h; sourceTree = "<group>"; };
		A79DB61B18897BE8001712E3 /* octree.cpp */ = {isa = PBXFileReference; fileEncoding = 4; lastKnownFileType = sourcecode.cpp.cpp; path = octree.cpp; sourceTree = "<group>"; };
		A79DB61D18898C46001712E3 /* lineShader.fsh */ = {isa = PBXFileReference; fileEncoding = 4; lastKnownFileType = sourcecode.glsl; path = lineShader.fsh; sourceTree = "<group>"; };
		A79DB61F18898C60001712E3 /* lineShader.vsh */ = {isa = PBXFileReference; fileEncoding = 4; lastKnownFileType = sourcecode.glsl; path = lineShader.vsh; sourceTree = "<group>"; };
		B77FF2721946F25500B92783 /* Shader.cpp */ = {isa = PBXFileReference; fileEncoding = 4; lastKnownFileType = sourcecode.cpp.cpp; path = Shader.cpp; sourceTree = "<group>"; };
		B77FF2731946F25500B92783 /* Shader.h */ = {isa = PBXFileReference; fileEncoding = 4; lastKnownFileType = sourcecode.c.h; path = Shader.h; sourceTree = "<group>"; };
		B77FF2761946FE2F00B92783 /* FileLoaders.cpp */ = {isa = PBXFileReference; fileEncoding = 4; lastKnownFileType = sourcecode.cpp.cpp; path = FileLoaders.cpp; sourceTree = "<group>"; };
		B77FF2771946FE2F00B92783 /* FileLoaders.h */ = {isa = PBXFileReference; fileEncoding = 4; lastKnownFileType = sourcecode.c.h; path = FileLoaders.h; sourceTree = "<group>"; };
		B77FF279194705A500B92783 /* Geometry.cpp */ = {isa = PBXFileReference; fileEncoding = 4; lastKnownFileType = sourcecode.cpp.cpp; path = Geometry.cpp; sourceTree = "<group>"; };
		B77FF27A194705A500B92783 /* Geometry.h */ = {isa = PBXFileReference; fileEncoding = 4; lastKnownFileType = sourcecode.c.h; path = Geometry.h; sourceTree = "<group>"; };
/* End PBXFileReference section */

/* Begin PBXFrameworksBuildPhase section */
		A70D19311886A29C0004EA7C /* Frameworks */ = {
			isa = PBXFrameworksBuildPhase;
			buildActionMask = 2147483647;
			files = (
				A70D1A2A1886A3280004EA7C /* OpenGL.framework in Frameworks */,
				A70D1A281886A31B0004EA7C /* GLUT.framework in Frameworks */,
			);
			runOnlyForDeploymentPostprocessing = 0;
		};
/* End PBXFrameworksBuildPhase section */

/* Begin PBXGroup section */
		A70D192B1886A29C0004EA7C = {
			isa = PBXGroup;
			children = (
				A70D1A291886A3280004EA7C /* OpenGL.framework */,
				A70D1A271886A31B0004EA7C /* GLUT.framework */,
				A70D19401886A2CD0004EA7C /* glm */,
				A70D1A321886D6BA0004EA7C /* assets */,
				A70D19361886A29C0004EA7C /* PointCloudsGL */,
				A70D19351886A29C0004EA7C /* Products */,
			);
			sourceTree = "<group>";
		};
		A70D19351886A29C0004EA7C /* Products */ = {
			isa = PBXGroup;
			children = (
				A70D19341886A29C0004EA7C /* PointCloudsGL */,
			);
			name = Products;
			sourceTree = "<group>";
		};
		A70D19361886A29C0004EA7C /* PointCloudsGL */ = {
			isa = PBXGroup;
			children = (
				B77FF2751946FCA300B92783 /* Shaders */,
				A751D37418A281A200A32FD7 /* clipper.h */,
				A751D37318A281A200A32FD7 /* clipper.cpp */,
				A70D1A2B1886D66F0004EA7C /* imageloader.cpp */,
				A70D1A2C1886D66F0004EA7C /* imageloader.h */,
				A79DB61A18897A52001712E3 /* octree.h */,
				A79DB61B18897BE8001712E3 /* octree.cpp */,
				B77FF2731946F25500B92783 /* Shader.h */,
				B77FF2721946F25500B92783 /* Shader.cpp */,
				B77FF2771946FE2F00B92783 /* FileLoaders.h */,
				B77FF2761946FE2F00B92783 /* FileLoaders.cpp */,
				B77FF27A194705A500B92783 /* Geometry.h */,
				B77FF279194705A500B92783 /* Geometry.cpp */,
				A70D19371886A29C0004EA7C /* main.cpp */,
				A70D19391886A29C0004EA7C /* PointCloudsGL.1 */,
			);
			path = PointCloudsGL;
			sourceTree = "<group>";
		};
		A70D19401886A2CD0004EA7C /* glm */ = {
			isa = PBXGroup;
			children = (
				A70D19411886A2CD0004EA7C /* CMakeLists.txt */,
				A70D19421886A2CD0004EA7C /* core */,
				A70D198F1886A2CE0004EA7C /* ext.hpp */,
				A70D19901886A2CE0004EA7C /* glm.hpp */,
				A70D19911886A2CE0004EA7C /* gtc */,
				A70D19AF1886A2CE0004EA7C /* gtx */,
				A70D1A241886A2CE0004EA7C /* virtrev */,
			);
			path = glm;
			sourceTree = "<group>";
		};
		A70D19421886A2CD0004EA7C /* core */ = {
			isa = PBXGroup;
			children = (
				A70D19431886A2CD0004EA7C /* _detail.hpp */,
				A70D19441886A2CD0004EA7C /* _fixes.hpp */,
				A70D19451886A2CD0004EA7C /* _swizzle.hpp */,
				A70D19461886A2CD0004EA7C /* _swizzle_func.hpp */,
				A70D19471886A2CD0004EA7C /* _vectorize.hpp */,
				A70D19481886A2CD0004EA7C /* dummy.cpp */,
				A70D19491886A2CD0004EA7C /* func_common.hpp */,
				A70D194A1886A2CD0004EA7C /* func_common.inl */,
				A70D194B1886A2CD0004EA7C /* func_exponential.hpp */,
				A70D194C1886A2CD0004EA7C /* func_exponential.inl */,
				A70D194D1886A2CD0004EA7C /* func_geometric.hpp */,
				A70D194E1886A2CD0004EA7C /* func_geometric.inl */,
				A70D194F1886A2CD0004EA7C /* func_integer.hpp */,
				A70D19501886A2CD0004EA7C /* func_integer.inl */,
				A70D19511886A2CD0004EA7C /* func_matrix.hpp */,
				A70D19521886A2CD0004EA7C /* func_matrix.inl */,
				A70D19531886A2CD0004EA7C /* func_noise.hpp */,
				A70D19541886A2CD0004EA7C /* func_noise.inl */,
				A70D19551886A2CD0004EA7C /* func_packing.hpp */,
				A70D19561886A2CD0004EA7C /* func_packing.inl */,
				A70D19571886A2CD0004EA7C /* func_trigonometric.hpp */,
				A70D19581886A2CD0004EA7C /* func_trigonometric.inl */,
				A70D19591886A2CD0004EA7C /* func_vector_relational.hpp */,
				A70D195A1886A2CD0004EA7C /* func_vector_relational.inl */,
				A70D195B1886A2CD0004EA7C /* hint.hpp */,
				A70D195C1886A2CD0004EA7C /* intrinsic_common.hpp */,
				A70D195D1886A2CD0004EA7C /* intrinsic_common.inl */,
				A70D195E1886A2CD0004EA7C /* intrinsic_exponential.hpp */,
				A70D195F1886A2CD0004EA7C /* intrinsic_exponential.inl */,
				A70D19601886A2CD0004EA7C /* intrinsic_geometric.hpp */,
				A70D19611886A2CD0004EA7C /* intrinsic_geometric.inl */,
				A70D19621886A2CD0004EA7C /* intrinsic_matrix.hpp */,
				A70D19631886A2CD0004EA7C /* intrinsic_matrix.inl */,
				A70D19641886A2CD0004EA7C /* intrinsic_trigonometric.hpp */,
				A70D19651886A2CD0004EA7C /* intrinsic_trigonometric.inl */,
				A70D19661886A2CD0004EA7C /* intrinsic_vector_relational.hpp */,
				A70D19671886A2CD0004EA7C /* intrinsic_vector_relational.inl */,
				A70D19681886A2CD0004EA7C /* setup.hpp */,
				A70D19691886A2CD0004EA7C /* type.hpp */,
				A70D196A1886A2CD0004EA7C /* type_float.hpp */,
				A70D196B1886A2CD0004EA7C /* type_gentype.hpp */,
				A70D196C1886A2CD0004EA7C /* type_gentype.inl */,
				A70D196D1886A2CD0004EA7C /* type_half.hpp */,
				A70D196E1886A2CD0004EA7C /* type_half.inl */,
				A70D196F1886A2CD0004EA7C /* type_int.hpp */,
				A70D19701886A2CE0004EA7C /* type_mat.hpp */,
				A70D19711886A2CE0004EA7C /* type_mat.inl */,
				A70D19721886A2CE0004EA7C /* type_mat2x2.hpp */,
				A70D19731886A2CE0004EA7C /* type_mat2x2.inl */,
				A70D19741886A2CE0004EA7C /* type_mat2x3.hpp */,
				A70D19751886A2CE0004EA7C /* type_mat2x3.inl */,
				A70D19761886A2CE0004EA7C /* type_mat2x4.hpp */,
				A70D19771886A2CE0004EA7C /* type_mat2x4.inl */,
				A70D19781886A2CE0004EA7C /* type_mat3x2.hpp */,
				A70D19791886A2CE0004EA7C /* type_mat3x2.inl */,
				A70D197A1886A2CE0004EA7C /* type_mat3x3.hpp */,
				A70D197B1886A2CE0004EA7C /* type_mat3x3.inl */,
				A70D197C1886A2CE0004EA7C /* type_mat3x4.hpp */,
				A70D197D1886A2CE0004EA7C /* type_mat3x4.inl */,
				A70D197E1886A2CE0004EA7C /* type_mat4x2.hpp */,
				A70D197F1886A2CE0004EA7C /* type_mat4x2.inl */,
				A70D19801886A2CE0004EA7C /* type_mat4x3.hpp */,
				A70D19811886A2CE0004EA7C /* type_mat4x3.inl */,
				A70D19821886A2CE0004EA7C /* type_mat4x4.hpp */,
				A70D19831886A2CE0004EA7C /* type_mat4x4.inl */,
				A70D19841886A2CE0004EA7C /* type_size.hpp */,
				A70D19851886A2CE0004EA7C /* type_vec.hpp */,
				A70D19861886A2CE0004EA7C /* type_vec.inl */,
				A70D19871886A2CE0004EA7C /* type_vec1.hpp */,
				A70D19881886A2CE0004EA7C /* type_vec1.inl */,
				A70D19891886A2CE0004EA7C /* type_vec2.hpp */,
				A70D198A1886A2CE0004EA7C /* type_vec2.inl */,
				A70D198B1886A2CE0004EA7C /* type_vec3.hpp */,
				A70D198C1886A2CE0004EA7C /* type_vec3.inl */,
				A70D198D1886A2CE0004EA7C /* type_vec4.hpp */,
				A70D198E1886A2CE0004EA7C /* type_vec4.inl */,
			);
			path = core;
			sourceTree = "<group>";
		};
		A70D19911886A2CE0004EA7C /* gtc */ = {
			isa = PBXGroup;
			children = (
				A70D19921886A2CE0004EA7C /* constants.hpp */,
				A70D19931886A2CE0004EA7C /* constants.inl */,
				A70D19941886A2CE0004EA7C /* epsilon.hpp */,
				A70D19951886A2CE0004EA7C /* epsilon.inl */,
				A70D19961886A2CE0004EA7C /* half_float.hpp */,
				A70D19971886A2CE0004EA7C /* half_float.inl */,
				A70D19981886A2CE0004EA7C /* matrix_access.hpp */,
				A70D19991886A2CE0004EA7C /* matrix_access.inl */,
				A70D199A1886A2CE0004EA7C /* matrix_integer.hpp */,
				A70D199B1886A2CE0004EA7C /* matrix_inverse.hpp */,
				A70D199C1886A2CE0004EA7C /* matrix_inverse.inl */,
				A70D199D1886A2CE0004EA7C /* matrix_transform.hpp */,
				A70D199E1886A2CE0004EA7C /* matrix_transform.inl */,
				A70D199F1886A2CE0004EA7C /* noise.hpp */,
				A70D19A01886A2CE0004EA7C /* noise.inl */,
				A70D19A11886A2CE0004EA7C /* quaternion.hpp */,
				A70D19A21886A2CE0004EA7C /* quaternion.inl */,
				A70D19A31886A2CE0004EA7C /* random.hpp */,
				A70D19A41886A2CE0004EA7C /* random.inl */,
				A70D19A51886A2CE0004EA7C /* reciprocal.hpp */,
				A70D19A61886A2CE0004EA7C /* reciprocal.inl */,
				A70D19A71886A2CE0004EA7C /* swizzle.hpp */,
				A70D19A81886A2CE0004EA7C /* swizzle.inl */,
				A70D19A91886A2CE0004EA7C /* type_precision.hpp */,
				A70D19AA1886A2CE0004EA7C /* type_precision.inl */,
				A70D19AB1886A2CE0004EA7C /* type_ptr.hpp */,
				A70D19AC1886A2CE0004EA7C /* type_ptr.inl */,
				A70D19AD1886A2CE0004EA7C /* ulp.hpp */,
				A70D19AE1886A2CE0004EA7C /* ulp.inl */,
			);
			path = gtc;
			sourceTree = "<group>";
		};
		A70D19AF1886A2CE0004EA7C /* gtx */ = {
			isa = PBXGroup;
			children = (
				A70D19B01886A2CE0004EA7C /* associated_min_max.hpp */,
				A70D19B11886A2CE0004EA7C /* associated_min_max.inl */,
				A70D19B21886A2CE0004EA7C /* bit.hpp */,
				A70D19B31886A2CE0004EA7C /* bit.inl */,
				A70D19B41886A2CE0004EA7C /* closest_point.hpp */,
				A70D19B51886A2CE0004EA7C /* closest_point.inl */,
				A70D19B61886A2CE0004EA7C /* color_cast.hpp */,
				A70D19B71886A2CE0004EA7C /* color_cast.inl */,
				A70D19B81886A2CE0004EA7C /* color_space.hpp */,
				A70D19B91886A2CE0004EA7C /* color_space.inl */,
				A70D19BA1886A2CE0004EA7C /* color_space_YCoCg.hpp */,
				A70D19BB1886A2CE0004EA7C /* color_space_YCoCg.inl */,
				A70D19BC1886A2CE0004EA7C /* compatibility.hpp */,
				A70D19BD1886A2CE0004EA7C /* compatibility.inl */,
				A70D19BE1886A2CE0004EA7C /* component_wise.hpp */,
				A70D19BF1886A2CE0004EA7C /* component_wise.inl */,
				A70D19C01886A2CE0004EA7C /* constants.hpp */,
				A70D19C11886A2CE0004EA7C /* epsilon.hpp */,
				A70D19C21886A2CE0004EA7C /* euler_angles.hpp */,
				A70D19C31886A2CE0004EA7C /* euler_angles.inl */,
				A70D19C41886A2CE0004EA7C /* extend.hpp */,
				A70D19C51886A2CE0004EA7C /* extend.inl */,
				A70D19C61886A2CE0004EA7C /* extented_min_max.hpp */,
				A70D19C71886A2CE0004EA7C /* extented_min_max.inl */,
				A70D19C81886A2CE0004EA7C /* fast_exponential.hpp */,
				A70D19C91886A2CE0004EA7C /* fast_exponential.inl */,
				A70D19CA1886A2CE0004EA7C /* fast_square_root.hpp */,
				A70D19CB1886A2CE0004EA7C /* fast_square_root.inl */,
				A70D19CC1886A2CE0004EA7C /* fast_trigonometry.hpp */,
				A70D19CD1886A2CE0004EA7C /* fast_trigonometry.inl */,
				A70D19CE1886A2CE0004EA7C /* gradient_paint.hpp */,
				A70D19CF1886A2CE0004EA7C /* gradient_paint.inl */,
				A70D19D01886A2CE0004EA7C /* handed_coordinate_space.hpp */,
				A70D19D11886A2CE0004EA7C /* handed_coordinate_space.inl */,
				A70D19D21886A2CE0004EA7C /* inertia.hpp */,
				A70D19D31886A2CE0004EA7C /* inertia.inl */,
				A70D19D41886A2CE0004EA7C /* int_10_10_10_2.hpp */,
				A70D19D51886A2CE0004EA7C /* int_10_10_10_2.inl */,
				A70D19D61886A2CE0004EA7C /* integer.hpp */,
				A70D19D71886A2CE0004EA7C /* integer.inl */,
				A70D19D81886A2CE0004EA7C /* intersect.hpp */,
				A70D19D91886A2CE0004EA7C /* intersect.inl */,
				A70D19DA1886A2CE0004EA7C /* log_base.hpp */,
				A70D19DB1886A2CE0004EA7C /* log_base.inl */,
				A70D19DC1886A2CE0004EA7C /* matrix_cross_product.hpp */,
				A70D19DD1886A2CE0004EA7C /* matrix_cross_product.inl */,
				A70D19DE1886A2CE0004EA7C /* matrix_interpolation.hpp */,
				A70D19DF1886A2CE0004EA7C /* matrix_interpolation.inl */,
				A70D19E01886A2CE0004EA7C /* matrix_major_storage.hpp */,
				A70D19E11886A2CE0004EA7C /* matrix_major_storage.inl */,
				A70D19E21886A2CE0004EA7C /* matrix_operation.hpp */,
				A70D19E31886A2CE0004EA7C /* matrix_operation.inl */,
				A70D19E41886A2CE0004EA7C /* matrix_query.hpp */,
				A70D19E51886A2CE0004EA7C /* matrix_query.inl */,
				A70D19E61886A2CE0004EA7C /* mixed_product.hpp */,
				A70D19E71886A2CE0004EA7C /* mixed_product.inl */,
				A70D19E81886A2CE0004EA7C /* multiple.hpp */,
				A70D19E91886A2CE0004EA7C /* multiple.inl */,
				A70D19EA1886A2CE0004EA7C /* noise.hpp */,
				A70D19EB1886A2CE0004EA7C /* norm.hpp */,
				A70D19EC1886A2CE0004EA7C /* norm.inl */,
				A70D19ED1886A2CE0004EA7C /* normal.hpp */,
				A70D19EE1886A2CE0004EA7C /* normal.inl */,
				A70D19EF1886A2CE0004EA7C /* normalize_dot.hpp */,
				A70D19F01886A2CE0004EA7C /* normalize_dot.inl */,
				A70D19F11886A2CE0004EA7C /* number_precision.hpp */,
				A70D19F21886A2CE0004EA7C /* number_precision.inl */,
				A70D19F31886A2CE0004EA7C /* ocl_type.hpp */,
				A70D19F41886A2CE0004EA7C /* ocl_type.inl */,
				A70D19F51886A2CE0004EA7C /* optimum_pow.hpp */,
				A70D19F61886A2CE0004EA7C /* optimum_pow.inl */,
				A70D19F71886A2CE0004EA7C /* orthonormalize.hpp */,
				A70D19F81886A2CE0004EA7C /* orthonormalize.inl */,
				A70D19F91886A2CE0004EA7C /* perpendicular.hpp */,
				A70D19FA1886A2CE0004EA7C /* perpendicular.inl */,
				A70D19FB1886A2CE0004EA7C /* polar_coordinates.hpp */,
				A70D19FC1886A2CE0004EA7C /* polar_coordinates.inl */,
				A70D19FD1886A2CE0004EA7C /* projection.hpp */,
				A70D19FE1886A2CE0004EA7C /* projection.inl */,
				A70D19FF1886A2CE0004EA7C /* quaternion.hpp */,
				A70D1A001886A2CE0004EA7C /* quaternion.inl */,
				A70D1A011886A2CE0004EA7C /* random.hpp */,
				A70D1A021886A2CE0004EA7C /* raw_data.hpp */,
				A70D1A031886A2CE0004EA7C /* raw_data.inl */,
				A70D1A041886A2CE0004EA7C /* reciprocal.hpp */,
				A70D1A051886A2CE0004EA7C /* rotate_vector.hpp */,
				A70D1A061886A2CE0004EA7C /* rotate_vector.inl */,
				A70D1A071886A2CE0004EA7C /* simd_mat4.hpp */,
				A70D1A081886A2CE0004EA7C /* simd_mat4.inl */,
				A70D1A091886A2CE0004EA7C /* simd_vec4.hpp */,
				A70D1A0A1886A2CE0004EA7C /* simd_vec4.inl */,
				A70D1A0B1886A2CE0004EA7C /* spline.hpp */,
				A70D1A0C1886A2CE0004EA7C /* spline.inl */,
				A70D1A0D1886A2CE0004EA7C /* std_based_type.hpp */,
				A70D1A0E1886A2CE0004EA7C /* std_based_type.inl */,
				A70D1A0F1886A2CE0004EA7C /* string_cast.hpp */,
				A70D1A101886A2CE0004EA7C /* string_cast.inl */,
				A70D1A111886A2CE0004EA7C /* transform.hpp */,
				A70D1A121886A2CE0004EA7C /* transform.inl */,
				A70D1A131886A2CE0004EA7C /* transform2.hpp */,
				A70D1A141886A2CE0004EA7C /* transform2.inl */,
				A70D1A151886A2CE0004EA7C /* ulp.hpp */,
				A70D1A161886A2CE0004EA7C /* unsigned_int.hpp */,
				A70D1A171886A2CE0004EA7C /* unsigned_int.inl */,
				A70D1A181886A2CE0004EA7C /* vec1.hpp */,
				A70D1A191886A2CE0004EA7C /* vec1.inl */,
				A70D1A1A1886A2CE0004EA7C /* vector_access.hpp */,
				A70D1A1B1886A2CE0004EA7C /* vector_access.inl */,
				A70D1A1C1886A2CE0004EA7C /* vector_angle.hpp */,
				A70D1A1D1886A2CE0004EA7C /* vector_angle.inl */,
				A70D1A1E1886A2CE0004EA7C /* vector_query.hpp */,
				A70D1A1F1886A2CE0004EA7C /* vector_query.inl */,
				A70D1A201886A2CE0004EA7C /* verbose_operator.hpp */,
				A70D1A211886A2CE0004EA7C /* verbose_operator.inl */,
				A70D1A221886A2CE0004EA7C /* wrap.hpp */,
				A70D1A231886A2CE0004EA7C /* wrap.inl */,
			);
			path = gtx;
			sourceTree = "<group>";
		};
		A70D1A241886A2CE0004EA7C /* virtrev */ = {
			isa = PBXGroup;
			children = (
				A70D1A251886A2CE0004EA7C /* xstream.hpp */,
			);
			path = virtrev;
			sourceTree = "<group>";
		};
		A70D1A321886D6BA0004EA7C /* assets */ = {
			isa = PBXGroup;
			children = (
				A70D1A341886EAD10004EA7C /* Day2-CCSR1.off */,
				A70D1A351886EB110004EA7C /* test.off */,
				A70D1A331886D6DF0004EA7C /* sphere.obj */,
			);
			name = assets;
			sourceTree = "<group>";
		};
		B77FF2751946FCA300B92783 /* Shaders */ = {
			isa = PBXGroup;
			children = (
				A79DB61F18898C60001712E3 /* lineShader.vsh */,
				A79DB61D18898C46001712E3 /* lineShader.fsh */,
				A70D1A2F1886D6870004EA7C /* vertexShader.vsh */,
				A70D1A2E1886D6870004EA7C /* fragmentShader.fsh */,
				A71412BA18A5330B00DB3ACA /* setColorVertShader.vsh */,
				A71412B818A532E200DB3ACA /* setColorFragShader.fsh */,
			);
			name = Shaders;
			sourceTree = "<group>";
		};
/* End PBXGroup section */

/* Begin PBXNativeTarget section */
		A70D19331886A29C0004EA7C /* PointCloudsGL */ = {
			isa = PBXNativeTarget;
			buildConfigurationList = A70D193D1886A29C0004EA7C /* Build configuration list for PBXNativeTarget "PointCloudsGL" */;
			buildPhases = (
				A70D19301886A29C0004EA7C /* Sources */,
				A70D19311886A29C0004EA7C /* Frameworks */,
				A70D19321886A29C0004EA7C /* CopyFiles */,
			);
			buildRules = (
			);
			dependencies = (
			);
			name = PointCloudsGL;
			productName = PointCloudsGL;
			productReference = A70D19341886A29C0004EA7C /* PointCloudsGL */;
			productType = "com.apple.product-type.tool";
		};
/* End PBXNativeTarget section */

/* Begin PBXProject section */
		A70D192C1886A29C0004EA7C /* Project object */ = {
			isa = PBXProject;
			attributes = {
				LastUpgradeCheck = 0500;
				ORGANIZATIONNAME = Alun;
			};
			buildConfigurationList = A70D192F1886A29C0004EA7C /* Build configuration list for PBXProject "PointCloudsGL" */;
			compatibilityVersion = "Xcode 3.2";
			developmentRegion = English;
			hasScannedForEncodings = 0;
			knownRegions = (
				en,
			);
			mainGroup = A70D192B1886A29C0004EA7C;
			productRefGroup = A70D19351886A29C0004EA7C /* Products */;
			projectDirPath = "";
			projectRoot = "";
			targets = (
				A70D19331886A29C0004EA7C /* PointCloudsGL */,
			);
		};
/* End PBXProject section */

/* Begin PBXSourcesBuildPhase section */
		A70D19301886A29C0004EA7C /* Sources */ = {
			isa = PBXSourcesBuildPhase;
			buildActionMask = 2147483647;
			files = (
				A70D1A2D1886D66F0004EA7C /* imageloader.cpp in Sources */,
				A751D37518A281A200A32FD7 /* clipper.cpp in Sources */,
				A79DB61C18897BE8001712E3 /* octree.cpp in Sources */,
				A70D19381886A29C0004EA7C /* main.cpp in Sources */,
				B77FF27B194705A500B92783 /* Geometry.cpp in Sources */,
				B77FF2741946F25500B92783 /* Shader.cpp in Sources */,
				B77FF2781946FE2F00B92783 /* FileLoaders.cpp in Sources */,
			);
			runOnlyForDeploymentPostprocessing = 0;
		};
/* End PBXSourcesBuildPhase section */

/* Begin XCBuildConfiguration section */
		A70D193B1886A29C0004EA7C /* Debug */ = {
			isa = XCBuildConfiguration;
			buildSettings = {
				ALWAYS_SEARCH_USER_PATHS = NO;
				CLANG_CXX_LANGUAGE_STANDARD = "gnu++0x";
				CLANG_CXX_LIBRARY = "libc++";
				CLANG_ENABLE_OBJC_ARC = YES;
				CLANG_WARN_BOOL_CONVERSION = YES;
				CLANG_WARN_CONSTANT_CONVERSION = YES;
				CLANG_WARN_DIRECT_OBJC_ISA_USAGE = YES_ERROR;
				CLANG_WARN_EMPTY_BODY = YES;
				CLANG_WARN_ENUM_CONVERSION = YES;
				CLANG_WARN_INT_CONVERSION = YES;
				CLANG_WARN_OBJC_ROOT_CLASS = YES_ERROR;
				CLANG_WARN__DUPLICATE_METHOD_MATCH = YES;
				COPY_PHASE_STRIP = NO;
				GCC_C_LANGUAGE_STANDARD = gnu99;
				GCC_DYNAMIC_NO_PIC = NO;
				GCC_ENABLE_OBJC_EXCEPTIONS = YES;
				GCC_OPTIMIZATION_LEVEL = 0;
				GCC_PREPROCESSOR_DEFINITIONS = (
					"DEBUG=1",
					"$(inherited)",
				);
				GCC_SYMBOLS_PRIVATE_EXTERN = NO;
				GCC_WARN_64_TO_32_BIT_CONVERSION = YES;
				GCC_WARN_ABOUT_RETURN_TYPE = YES_ERROR;
				GCC_WARN_UNDECLARED_SELECTOR = YES;
				GCC_WARN_UNINITIALIZED_AUTOS = YES;
				GCC_WARN_UNUSED_FUNCTION = YES;
				GCC_WARN_UNUSED_VARIABLE = YES;
				MACOSX_DEPLOYMENT_TARGET = 10.9;
				ONLY_ACTIVE_ARCH = YES;
				SDKROOT = macosx;
			};
			name = Debug;
		};
		A70D193C1886A29C0004EA7C /* Release */ = {
			isa = XCBuildConfiguration;
			buildSettings = {
				ALWAYS_SEARCH_USER_PATHS = NO;
				CLANG_CXX_LANGUAGE_STANDARD = "gnu++0x";
				CLANG_CXX_LIBRARY = "libc++";
				CLANG_ENABLE_OBJC_ARC = YES;
				CLANG_WARN_BOOL_CONVERSION = YES;
				CLANG_WARN_CONSTANT_CONVERSION = YES;
				CLANG_WARN_DIRECT_OBJC_ISA_USAGE = YES_ERROR;
				CLANG_WARN_EMPTY_BODY = YES;
				CLANG_WARN_ENUM_CONVERSION = YES;
				CLANG_WARN_INT_CONVERSION = YES;
				CLANG_WARN_OBJC_ROOT_CLASS = YES_ERROR;
				CLANG_WARN__DUPLICATE_METHOD_MATCH = YES;
				COPY_PHASE_STRIP = YES;
				DEBUG_INFORMATION_FORMAT = "dwarf-with-dsym";
				ENABLE_NS_ASSERTIONS = NO;
				GCC_C_LANGUAGE_STANDARD = gnu99;
				GCC_ENABLE_OBJC_EXCEPTIONS = YES;
				GCC_WARN_64_TO_32_BIT_CONVERSION = YES;
				GCC_WARN_ABOUT_RETURN_TYPE = YES_ERROR;
				GCC_WARN_UNDECLARED_SELECTOR = YES;
				GCC_WARN_UNINITIALIZED_AUTOS = YES;
				GCC_WARN_UNUSED_FUNCTION = YES;
				GCC_WARN_UNUSED_VARIABLE = YES;
				MACOSX_DEPLOYMENT_TARGET = 10.9;
				SDKROOT = macosx;
			};
			name = Release;
		};
		A70D193E1886A29C0004EA7C /* Debug */ = {
			isa = XCBuildConfiguration;
			buildSettings = {
				MACOSX_DEPLOYMENT_TARGET = 10.8;
				PRODUCT_NAME = "$(TARGET_NAME)";
			};
			name = Debug;
		};
		A70D193F1886A29C0004EA7C /* Release */ = {
			isa = XCBuildConfiguration;
			buildSettings = {
				MACOSX_DEPLOYMENT_TARGET = 10.8;
				PRODUCT_NAME = "$(TARGET_NAME)";
			};
			name = Release;
		};
/* End XCBuildConfiguration section */

/* Begin XCConfigurationList section */
		A70D192F1886A29C0004EA7C /* Build configuration list for PBXProject "PointCloudsGL" */ = {
			isa = XCConfigurationList;
			buildConfigurations = (
				A70D193B1886A29C0004EA7C /* Debug */,
				A70D193C1886A29C0004EA7C /* Release */,
			);
			defaultConfigurationIsVisible = 0;
			defaultConfigurationName = Release;
		};
		A70D193D1886A29C0004EA7C /* Build configuration list for PBXNativeTarget "PointCloudsGL" */ = {
			isa = XCConfigurationList;
			buildConfigurations = (
				A70D193E1886A29C0004EA7C /* Debug */,
				A70D193F1886A29C0004EA7C /* Release */,
			);
			defaultConfigurationIsVisible = 0;
			defaultConfigurationName = Release;
		};
/* End XCConfigurationList section */
	};
	rootObject = A70D192C1886A29C0004EA7C /* Project object */;
}
